
Microsoft Visual Studio Solution File, Format Version 12.00
# Visual Studio Version 17
VisualStudioVersion = 17.10.35004.147
MinimumVisualStudioVersion = 10.0.40219.1
Project("{9A19103F-16F7-4668-BE54-9A1E7A4F7556}") = "PasswordManagerTask", "PasswordManagerTask\PasswordManagerTask.csproj", "{FB82BE55-FF2E-4627-9F02-59E2C1CDADFF}"
EndProject
Project("{9A19103F-16F7-4668-BE54-9A1E7A4F7556}") = "PasswordManagerFront", "PasswordManagerFront\PasswordManagerFront.csproj", "{652CE34C-8431-4632-B565-E116387FE6FF}"
EndProject
Project("{FAE04EC0-301F-11D3-BF4B-00C04F79EFBC}") = "Domain", "Domain\Domain.csproj", "{C980D012-C42B-4FA3-A084-2E1A734A53E0}"
EndProject
Global
	GlobalSection(SolutionConfigurationPlatforms) = preSolution
		Debug|Any CPU = Debug|Any CPU
		Release|Any CPU = Release|Any CPU
	EndGlobalSection
	GlobalSection(ProjectConfigurationPlatforms) = postSolution
		{FB82BE55-FF2E-4627-9F02-59E2C1CDADFF}.Debug|Any CPU.ActiveCfg = Debug|Any CPU
		{FB82BE55-FF2E-4627-9F02-59E2C1CDADFF}.Debug|Any CPU.Build.0 = Debug|Any CPU
		{FB82BE55-FF2E-4627-9F02-59E2C1CDADFF}.Release|Any CPU.ActiveCfg = Release|Any CPU
		{FB82BE55-FF2E-4627-9F02-59E2C1CDADFF}.Release|Any CPU.Build.0 = Release|Any CPU
		{652CE34C-8431-4632-B565-E116387FE6FF}.Debug|Any CPU.ActiveCfg = Debug|Any CPU
		{652CE34C-8431-4632-B565-E116387FE6FF}.Debug|Any CPU.Build.0 = Debug|Any CPU
		{652CE34C-8431-4632-B565-E116387FE6FF}.Release|Any CPU.ActiveCfg = Release|Any CPU
		{652CE34C-8431-4632-B565-E116387FE6FF}.Release|Any CPU.Build.0 = Release|Any CPU
		{C980D012-C42B-4FA3-A084-2E1A734A53E0}.Debug|Any CPU.ActiveCfg = Debug|Any CPU
		{C980D012-C42B-4FA3-A084-2E1A734A53E0}.Debug|Any CPU.Build.0 = Debug|Any CPU
		{C980D012-C42B-4FA3-A084-2E1A734A53E0}.Release|Any CPU.ActiveCfg = Release|Any CPU
		{C980D012-C42B-4FA3-A084-2E1A734A53E0}.Release|Any CPU.Build.0 = Release|Any CPU
	EndGlobalSection
	GlobalSection(SolutionProperties) = preSolution
		HideSolutionNode = FALSE
	EndGlobalSection
	GlobalSection(ExtensibilityGlobals) = postSolution
		SolutionGuid = {1EC14362-520C-47AE-B60C-886A74B925C5}
	EndGlobalSection
EndGlobal
